
Microsoft Visual Studio Solution File, Format Version 12.00
# Visual Studio Version 16
VisualStudioVersion = 16.0.30114.105
MinimumVisualStudioVersion = 10.0.40219.1
Project("{FAE04EC0-301F-11D3-BF4B-00C04F79EFBC}") = "Parcial02", "Parcial02\Parcial02.csproj", "{06F2C4D1-2EAC-497D-BACF-7C089CE0356F}"
EndProject
Global
	GlobalSection(SolutionConfigurationPlatforms) = preSolution
		Debug|Any CPU = Debug|Any CPU
		Release|Any CPU = Release|Any CPU
	EndGlobalSection
	GlobalSection(ProjectConfigurationPlatforms) = postSolution
		{06F2C4D1-2EAC-497D-BACF-7C089CE0356F}.Debug|Any CPU.ActiveCfg = Debug|Any CPU
		{06F2C4D1-2EAC-497D-BACF-7C089CE0356F}.Debug|Any CPU.Build.0 = Debug|Any CPU
		{06F2C4D1-2EAC-497D-BACF-7C089CE0356F}.Release|Any CPU.ActiveCfg = Release|Any CPU
		{06F2C4D1-2EAC-497D-BACF-7C089CE0356F}.Release|Any CPU.Build.0 = Release|Any CPU
	EndGlobalSection
	GlobalSection(SolutionProperties) = preSolution
		HideSolutionNode = FALSE
	EndGlobalSection
	GlobalSection(ExtensibilityGlobals) = postSolution
		SolutionGuid = {B1ECA859-8D0B-49FF-971C-B7845B6CF4E2}
	EndGlobalSection
EndGlobal
